<?xml version="1.0" encoding="utf-8"?>
<Project ToolsVersion="4.0" xmlns="http://schemas.microsoft.com/developer/msbuild/2003">
  <ItemGroup>
    <ClCompile Include="..\..\examples\example0.cpp" />
  </ItemGroup>
  <ItemGroup>
    <ClInclude Include="..\..\examples\example0.h" />
    <ClInclude Include="..\..\include\serialization.h">
      <Filter>include</Filter>
    </ClInclude>
    <ClInclude Include="..\..\include\serialization.hpp">
      <Filter>include</Filter>
    </ClInclude>
    <ClInclude Include="..\..\include\serialization_binary.hpp">
      <Filter>include</Filter>
    </ClInclude>
    <ClInclude Include="..\..\include\serialization_json.hpp">
      <Filter>include</Filter>
    </ClInclude>
    <ClInclude Include="..\..\include\serialization_xml.hpp">
      <Filter>include</Filter>
    </ClInclude>
    <ClInclude Include="..\..\include\visit_struct.hpp">
      <Filter>include</Filter>
    </ClInclude>
    <ClInclude Include="..\..\include\rapidxml.hpp">
      <Filter>include</Filter>
    </ClInclude>
    <ClInclude Include="..\..\include\json.hpp">
      <Filter>include</Filter>
    </ClInclude>
  </ItemGroup>
  <ItemGroup>
    <Filter Include="include">
      <UniqueIdentifier>{238aaf81-7136-4f28-af2d-b74922a6ceb3}</UniqueIdentifier>
    </Filter>
  </ItemGroup>
</Project>